
Microsoft Visual Studio Solution File, Format Version 12.00
# Visual Studio Version 17
VisualStudioVersion = 17.14.36414.22 d17.14
MinimumVisualStudioVersion = 10.0.40219.1
Project("{FAE04EC0-301F-11D3-BF4B-00C04F79EFBC}") = "ESfe.Calculadora", "ESfe.Calculadora\ESfe.Calculadora.csproj", "{3E4F99FA-6BF1-4660-AC03-08565867D12F}"
EndProject
Project("{FAE04EC0-301F-11D3-BF4B-00C04F79EFBC}") = "Esfe.Calculadora.UnitTest.AppMSTest", "Esfe.Calculadora.UnitTest.AppMSTest\Esfe.Calculadora.UnitTest.AppMSTest.csproj", "{FE615C8B-3C50-426C-A8BB-D82EF0C43AF5}"
EndProject
Project("{FAE04EC0-301F-11D3-BF4B-00C04F79EFBC}") = "Esfe.Calculadora.UnitTest.AppxUnits", "Esfe.Calculadora.UnitTest.AppxUnits\Esfe.Calculadora.UnitTest.AppxUnits.csproj", "{385EDF5A-1F97-4771-8B6A-C43C549CDBBA}"
EndProject
Global
	GlobalSection(SolutionConfigurationPlatforms) = preSolution
		Debug|Any CPU = Debug|Any CPU
		Release|Any CPU = Release|Any CPU
	EndGlobalSection
	GlobalSection(ProjectConfigurationPlatforms) = postSolution
		{3E4F99FA-6BF1-4660-AC03-08565867D12F}.Debug|Any CPU.ActiveCfg = Debug|Any CPU
		{3E4F99FA-6BF1-4660-AC03-08565867D12F}.Debug|Any CPU.Build.0 = Debug|Any CPU
		{3E4F99FA-6BF1-4660-AC03-08565867D12F}.Release|Any CPU.ActiveCfg = Release|Any CPU
		{3E4F99FA-6BF1-4660-AC03-08565867D12F}.Release|Any CPU.Build.0 = Release|Any CPU
		{FE615C8B-3C50-426C-A8BB-D82EF0C43AF5}.Debug|Any CPU.ActiveCfg = Debug|Any CPU
		{FE615C8B-3C50-426C-A8BB-D82EF0C43AF5}.Debug|Any CPU.Build.0 = Debug|Any CPU
		{FE615C8B-3C50-426C-A8BB-D82EF0C43AF5}.Release|Any CPU.ActiveCfg = Release|Any CPU
		{FE615C8B-3C50-426C-A8BB-D82EF0C43AF5}.Release|Any CPU.Build.0 = Release|Any CPU
		{385EDF5A-1F97-4771-8B6A-C43C549CDBBA}.Debug|Any CPU.ActiveCfg = Debug|Any CPU
		{385EDF5A-1F97-4771-8B6A-C43C549CDBBA}.Debug|Any CPU.Build.0 = Debug|Any CPU
		{385EDF5A-1F97-4771-8B6A-C43C549CDBBA}.Release|Any CPU.ActiveCfg = Release|Any CPU
		{385EDF5A-1F97-4771-8B6A-C43C549CDBBA}.Release|Any CPU.Build.0 = Release|Any CPU
	EndGlobalSection
	GlobalSection(SolutionProperties) = preSolution
		HideSolutionNode = FALSE
	EndGlobalSection
	GlobalSection(ExtensibilityGlobals) = postSolution
		SolutionGuid = {638E94EF-E03C-4172-A2E0-10D211B46AB8}
	EndGlobalSection
EndGlobal
